
Microsoft Visual Studio Solution File, Format Version 12.00
# Visual Studio 2012
Project("{159641D6-6404-4A2A-AE62-294DE0FE8301}") = "Clase4", "Clase4\Clase4.dtproj", "{A8FF01A6-4942-4615-81E0-0A048DCE49A9}"
EndProject
Global
	GlobalSection(SolutionConfigurationPlatforms) = preSolution
		Development|Default = Development|Default
	EndGlobalSection
	GlobalSection(ProjectConfigurationPlatforms) = postSolution
		{A8FF01A6-4942-4615-81E0-0A048DCE49A9}.Development|Default.ActiveCfg = Development
		{A8FF01A6-4942-4615-81E0-0A048DCE49A9}.Development|Default.Build.0 = Development
	EndGlobalSection
	GlobalSection(SolutionProperties) = preSolution
		HideSolutionNode = FALSE
	EndGlobalSection
EndGlobal
